# lx.lock — auto-generated, do not edit

[ranch]
source = hex
version = "2.2.0"
checksum = "fa0b99a1780c80218a4197a59ea8d3bdae32fbff7e88527d7d8a4787eff4f8e7"

[cowlib]
source = hex
version = "2.17.1"
checksum = "ff08bd17e6dd931445b18af77315b9b5fe052407110964ad2588c686b57b5e3f"

[cowboy]
source = hex
version = "2.16.1"
checksum = "b8ea4dd317a043e3177ec840cfa3bcb47cfb41035d3abb24d954dc7d51def399"

